<?xml version="1.0" encoding="utf-8"?>
<Project ToolsVersion="17.0" xmlns="http://schemas.microsoft.com/developer/msbuild/2003">
  <ItemGroup>
    <ClCompile Include="H:\PySMS\PySMS\xxHash-0.8.2\xxhash.c">
      <Filter>Source Files</Filter>
    </ClCompile>
  </ItemGroup>
  <ItemGroup>
    <CustomBuild Include="H:\PySMS\PySMS\xxHash-0.8.2\cmake_unofficial\CMakeLists.txt" />
  </ItemGroup>
  <ItemGroup>
    <Filter Include="Source Files">
      <UniqueIdentifier>{86E373BC-DA90-356A-9794-0AC0216CC80D}</UniqueIdentifier>
    </Filter>
  </ItemGroup>
</Project>
